
Microsoft Visual Studio Solution File, Format Version 12.00
# Visual Studio Version 17
VisualStudioVersion = 17.11.35312.102
MinimumVisualStudioVersion = 10.0.40219.1
Project("{FAE04EC0-301F-11D3-BF4B-00C04F79EFBC}") = "WinFormsApp6", "WinFormsApp6\WinFormsApp6.csproj", "{BD678BA0-AA80-40B3-872B-B0EC3BD38663}"
EndProject
Global
	GlobalSection(SolutionConfigurationPlatforms) = preSolution
		Debug|Any CPU = Debug|Any CPU
		Release|Any CPU = Release|Any CPU
	EndGlobalSection
	GlobalSection(ProjectConfigurationPlatforms) = postSolution
		{BD678BA0-AA80-40B3-872B-B0EC3BD38663}.Debug|Any CPU.ActiveCfg = Debug|Any CPU
		{BD678BA0-AA80-40B3-872B-B0EC3BD38663}.Debug|Any CPU.Build.0 = Debug|Any CPU
		{BD678BA0-AA80-40B3-872B-B0EC3BD38663}.Release|Any CPU.ActiveCfg = Release|Any CPU
		{BD678BA0-AA80-40B3-872B-B0EC3BD38663}.Release|Any CPU.Build.0 = Release|Any CPU
	EndGlobalSection
	GlobalSection(SolutionProperties) = preSolution
		HideSolutionNode = FALSE
	EndGlobalSection
	GlobalSection(ExtensibilityGlobals) = postSolution
		SolutionGuid = {D80A589D-ABAC-44FC-9656-ED5685E05C52}
	EndGlobalSection
EndGlobal
